Microsoft Visual Studio Solution File, Format Version 12.00
# Visual Studio Version 17
VisualStudioVersion = 17.5.2.0
MinimumVisualStudioVersion = 10.0.40219.1
Project("{2150E333-8FDC-42A3-9474-1A3956D46DE8}") = "ListaExercicios1", "ListaExercicios1", "{65B2E2E5-2BF9-5B47-0DB4-0C4438568E21}"
EndProject
Project("{FAE04EC0-301F-11D3-BF4B-00C04F79EFBC}") = "Exercicio1", "ListaExercicios1\Exercicio1\Exercicio1.csproj", "{1E5AF932-5F28-A5F4-2F33-6357231F28EC}"
EndProject
Global
	GlobalSection(SolutionConfigurationPlatforms) = preSolution
		Debug|Any CPU = Debug|Any CPU
		Release|Any CPU = Release|Any CPU
	EndGlobalSection
	GlobalSection(ProjectConfigurationPlatforms) = postSolution
		{1E5AF932-5F28-A5F4-2F33-6357231F28EC}.Debug|Any CPU.ActiveCfg = Debug|Any CPU
		{1E5AF932-5F28-A5F4-2F33-6357231F28EC}.Debug|Any CPU.Build.0 = Debug|Any CPU
		{1E5AF932-5F28-A5F4-2F33-6357231F28EC}.Release|Any CPU.ActiveCfg = Release|Any CPU
		{1E5AF932-5F28-A5F4-2F33-6357231F28EC}.Release|Any CPU.Build.0 = Release|Any CPU
	EndGlobalSection
	GlobalSection(SolutionProperties) = preSolution
		HideSolutionNode = FALSE
	EndGlobalSection
	GlobalSection(NestedProjects) = preSolution
		{1E5AF932-5F28-A5F4-2F33-6357231F28EC} = {65B2E2E5-2BF9-5B47-0DB4-0C4438568E21}
	EndGlobalSection
	GlobalSection(ExtensibilityGlobals) = postSolution
		SolutionGuid = {FDBA3E21-594D-4023-98BE-E8496300A67D}
	EndGlobalSection
EndGlobal
